# THIS IS AN AUTOGENERATED FILE. DO NOT EDIT THIS FILE DIRECTLY.
# yarn lockfile v1


"@babel/runtime@^7.1.2":
  version "7.12.5"
  resolved "https://registry.npmjs.org/@babel/runtime/-/runtime-7.12.5.tgz#410e7e487441e1b360c29be715d870d9b985882e"
  integrity sha512-plcc+hbExy3McchJCEQG3knOsuh3HH+Prx1P6cLIkET/0dLuQDEnrT+s27Axgc9bqfsmNUNHfscgMUdBpC9xfg==
  dependencies:
    regenerator-runtime "^0.13.4"

"@stencil/core@~1.8.1":
  version "1.8.12"
  resolved "https://registry.npmjs.org/@stencil/core/-/core-1.8.12.tgz#03d54cda940d2ca3a0eff5e839435815db6c3848"
  integrity sha512-/YCfLrtsHKYmFtI46e26eTW80TnODs6ugjWPbajc9Iclia4Leo3gZs9nZTW81iZGKs2MUOuab8r2r5UM8qTvnw==
  dependencies:
    typescript "3.8.2"

"@tarojs/api@3.0.16":
  version "3.0.16"
  resolved "https://registry.npmjs.org/@tarojs/api/-/api-3.0.16.tgz#98f0ce04748967959a2ab72684317cbe764ce407"
  integrity sha512-sktI7C10M2E/wK3VZTbIM0sSMMR63sZhv651sYiJ8Ti7ZngxJYI/WoUM/ZVJPALGYGO/j87prmFMBjcEl5kcMg==
  dependencies:
    "@tarojs/runtime" "3.0.16"

"@tarojs/components@^3.0.11":
  version "3.0.16"
  resolved "https://registry.npmjs.org/@tarojs/components/-/components-3.0.16.tgz#70e84c7ddafe5e0a25db48ceef21195bce336249"
  integrity sha512-CX9cU59sCb9La2c9gTHVLKnBJomcx41vCbv+1FmmLsEVUtZrqsYQYBaB81X6rqJeaBX8N/dkhFHNUXfZDZJo2Q==
  dependencies:
    "@stencil/core" "~1.8.1"
    "@tarojs/taro" "3.0.16"
    better-scroll "^1.14.1"
    classnames "^2.2.5"
    intersection-observer "^0.7.0"
    omit.js "^1.0.0"
    resolve-pathname "^3.0.0"
    swiper "4.4.2"
    weui "^1.1.2"

"@tarojs/router@3.0.16":
  version "3.0.16"
  resolved "https://registry.npmjs.org/@tarojs/router/-/router-3.0.16.tgz#76b48bb4c3c919f382ddc433f8ba183a95620475"
  integrity sha512-Gbrirv06a5bJTr5pV6lOXyUd3bk2gde3EJXC1KF1DGC95L+rx6hCtwzzorFNH02227z2Y19I4SQY2Wl9GhKafg==
  dependencies:
    "@tarojs/runtime" "3.0.16"
    history "^4.10.1"
    universal-router "^8.3.0"
    url-parse "^1.4.7"

"@tarojs/runtime@3.0.16":
  version "3.0.16"
  resolved "https://registry.npmjs.org/@tarojs/runtime/-/runtime-3.0.16.tgz#3bb31fe4317ebc0e920c1aa48759fc35715e93ae"
  integrity sha512-iksPOzFwctdQC/BvOAlS6APUpNFY4iUbZ98ZC6rhl91QIWjJKX21tzBQ5mP09V3qo7HpkdSwtpsGPkehUcHqSw==

"@tarojs/taro-h5@3.0.16":
  version "3.0.16"
  resolved "https://registry.npmjs.org/@tarojs/taro-h5/-/taro-h5-3.0.16.tgz#97834f64be0ca9e53033d0f145f140b9116bc9fd"
  integrity sha512-H4JvFQ2V/APzQakex+QpQnYgHyvBu/GphxmL88W9CRr1Z9IaLoycGJEnGlYQ6ah2r5iyAeV1ZqYd6lQ3AiqeNQ==
  dependencies:
    "@tarojs/api" "3.0.16"
    "@tarojs/router" "3.0.16"
    "@tarojs/runtime" "3.0.16"
    base64-js "^1.3.0"
    jsonp-retry "^1.0.3"
    mobile-detect "^1.4.2"
    raf "^3.4.1"
    whatwg-fetch "^3.4.0"

"@tarojs/taro@3.0.16", "@tarojs/taro@^3.0.11":
  version "3.0.16"
  resolved "https://registry.npmjs.org/@tarojs/taro/-/taro-3.0.16.tgz#1c88cdb87c093db652e5008d6532da17b4e9b776"
  integrity sha512-DRoQ7d1RsMMw1+Bp35BFMcFbyunNFoodyVROcztXRYDfllapEUV6K/pJz/ucGAHWgZeEtzZXoJRP5k6susqNWA==
  dependencies:
    "@tarojs/api" "3.0.16"
    "@tarojs/taro-h5" "3.0.16"

"@types/node@^14.14.10":
  version "14.14.11"
  resolved "https://registry.npmjs.org/@types/node/-/node-14.14.11.tgz#fc25a4248a5e8d0837019b1d170146d07334abe0"
  integrity sha512-BJ97wAUuU3NUiUCp44xzUFquQEvnk1wu7q4CMEUYKJWjdkr0YWYDsm4RFtAvxYsNjLsKcrFt6RvK8r+mnzMbEQ==

"@types/prop-types@*":
  version "15.7.3"
  resolved "https://registry.npmjs.org/@types/prop-types/-/prop-types-15.7.3.tgz#2ab0d5da2e5815f94b0b9d4b95d1e5f243ab2ca7"
  integrity sha512-KfRL3PuHmqQLOG+2tGpRO26Ctg+Cq1E01D2DMriKEATHgWLfeNDmq9e29Q9WIky0dQ3NPkd1mzYH8Lm936Z9qw==

"@types/react@^16.9.17":
  version "16.9.56"
  resolved "https://registry.npmjs.org/@types/react/-/react-16.9.56.tgz#ea25847b53c5bec064933095fc366b1462e2adf0"
  integrity sha512-gIkl4J44G/qxbuC6r2Xh+D3CGZpJ+NdWTItAPmZbR5mUS+JQ8Zvzpl0ea5qT/ZT3ZNTUcDKUVqV3xBE8wv/DyQ==
  dependencies:
    "@types/prop-types" "*"
    csstype "^3.0.2"

babel-runtime@^6.0.0, babel-runtime@^6.23.0:
  version "6.26.0"
  resolved "https://registry.npmjs.org/babel-runtime/-/babel-runtime-6.26.0.tgz#965c7058668e82b55d7bfe04ff2337bc8b5647fe"
  integrity sha1-llxwWGaOgrVde/4E/yM3vItWR/4=
  dependencies:
    core-js "^2.4.0"
    regenerator-runtime "^0.11.0"

base64-js@^1.3.0:
  version "1.3.1"
  resolved "https://registry.npmjs.org/base64-js/-/base64-js-1.3.1.tgz#58ece8cb75dd07e71ed08c736abc5fac4dbf8df1"
  integrity sha512-mLQ4i2QO1ytvGWFWmcngKO//JXAQueZvwEKtjgQFM4jIK0kU+ytMfplL8j+n5mspOfjHwoAg+9yhb7BwAHm36g==

better-scroll@^1.14.1:
  version "1.15.2"
  resolved "https://registry.npmjs.org/better-scroll/-/better-scroll-1.15.2.tgz#65ffc6058b8b4ff337b8dfad4bcb334d7699ceb6"
  integrity sha512-sSY2N8I9/B+YX/9JpIz6pMQYnmBuvspBqZG4UxYaQEfz/ZWrnxwdyKLL4t6IKpFmxqtZadVypXw7vSSHxBZpBQ==
  dependencies:
    babel-runtime "^6.0.0"

classnames@^2.2.5, classnames@^2.2.6:
  version "2.2.6"
  resolved "https://registry.npmjs.org/classnames/-/classnames-2.2.6.tgz#43935bffdd291f326dad0a205309b38d00f650ce"
  integrity sha512-JR/iSQOSt+LQIWwrwEzJ9uk0xfN3mTVYMwt1Ir5mUcSN6pU+V4zQFFaJsclJbPuAUQH+yfWef6tm7l1quW3C8Q==

core-js@^2.4.0:
  version "2.6.11"
  resolved "https://registry.npmjs.org/core-js/-/core-js-2.6.11.tgz#38831469f9922bded8ee21c9dc46985e0399308c"
  integrity sha512-5wjnpaT/3dV+XB4borEsnAYQchn00XSgTAWKDkEqv+K8KevjbzmofK6hfJ9TZIlpj2N0xQpazy7PiRQiWHqzWg==

csstype@^3.0.2:
  version "3.0.4"
  resolved "https://registry.npmjs.org/csstype/-/csstype-3.0.4.tgz#b156d7be03b84ff425c9a0a4b1e5f4da9c5ca888"
  integrity sha512-xc8DUsCLmjvCfoD7LTGE0ou2MIWLx0K9RCZwSHMOdynqRsP4MtUcLeqh1HcQ2dInwDTqn+3CE0/FZh1et+p4jA==

dom7@^2.1.2:
  version "2.1.5"
  resolved "https://registry.npmjs.org/dom7/-/dom7-2.1.5.tgz#a79411017800b31d8400070cdaebbfc92c1f6377"
  integrity sha512-xnhwVgyOh3eD++/XGtH+5qBwYTgCm0aW91GFgPJ3XG+jlsRLyJivnbP0QmUBFhI+Oaz9FV0s7cxgXHezwOEBYA==
  dependencies:
    ssr-window "^2.0.0"

history@^4.10.1:
  version "4.10.1"
  resolved "https://registry.npmjs.org/history/-/history-4.10.1.tgz#33371a65e3a83b267434e2b3f3b1b4c58aad4cf3"
  integrity sha512-36nwAD620w12kuzPAsyINPWJqlNbij+hpK1k9XRloDtym8mxzGYl2c17LnV6IAGB2Dmg4tEa7G7DlawS0+qjew==
  dependencies:
    "@babel/runtime" "^7.1.2"
    loose-envify "^1.2.0"
    resolve-pathname "^3.0.0"
    tiny-invariant "^1.0.2"
    tiny-warning "^1.0.0"
    value-equal "^1.0.1"

intersection-observer@^0.7.0:
  version "0.7.0"
  resolved "https://registry.npmjs.org/intersection-observer/-/intersection-observer-0.7.0.tgz#ee16bee978db53516ead2f0a8154b09b400bbdc9"
  integrity sha512-Id0Fij0HsB/vKWGeBe9PxeY45ttRiBmhFyyt/geBdDHBYNctMRTE3dC1U3ujzz3lap+hVXlEcVaB56kZP/eEUg==

"js-tokens@^3.0.0 || ^4.0.0":
  version "4.0.0"
  resolved "https://registry.npmjs.org/js-tokens/-/js-tokens-4.0.0.tgz#19203fb59991df98e3a287050d4647cdeaf32499"
  integrity sha512-RdJUflcE3cUzKiMqQgsCu06FPu9UdIJO0beYbPhHN4k6apgJtifcoCtT9bcxOpYBtpD2kCM6Sbzg4CausW/PKQ==

jsonp-retry@^1.0.3:
  version "1.0.3"
  resolved "https://registry.npmjs.org/jsonp-retry/-/jsonp-retry-1.0.3.tgz#9e6b18b02ec767a621dd44b4e99439a8a43a6419"
  integrity sha512-/jmE9+shtKP+oIt2AWO9Wx+C27NTGpLCEw4QHOqpoV2X6ta374HE9C+EEdgu8r3iLKgFMx7u5j0mCwxWN8UdlA==
  dependencies:
    object-assign "^4.1.1"

loose-envify@^1.1.0, loose-envify@^1.2.0, loose-envify@^1.4.0:
  version "1.4.0"
  resolved "https://registry.npmjs.org/loose-envify/-/loose-envify-1.4.0.tgz#71ee51fa7be4caec1a63839f7e682d8132d30caf"
  integrity sha512-lyuxPGr/Wfhrlem2CL/UcnUc1zcqKAImBDzukY7Y5F/yQiNdko6+fRLevlw1HgMySw7f611UIY408EtxRSoK3Q==
  dependencies:
    js-tokens "^3.0.0 || ^4.0.0"

mobile-detect@^1.4.2:
  version "1.4.4"
  resolved "https://registry.npmjs.org/mobile-detect/-/mobile-detect-1.4.4.tgz#686c74e92d3cc06b09a9b3594b7b981494b137f6"
  integrity sha512-vTgEjKjS89C5yHL5qWPpT6BzKuOVqABp+A3Szpbx34pIy3sngxlGaFpgHhfj6fKze1w0QKeOSDbU7SKu7wDvRQ==

object-assign@^4.1.1:
  version "4.1.1"
  resolved "https://registry.npmjs.org/object-assign/-/object-assign-4.1.1.tgz#2109adc7965887cfc05cbbd442cac8bfbb360863"
  integrity sha1-IQmtx5ZYh8/AXLvUQsrIv7s2CGM=

omit.js@^1.0.0:
  version "1.0.2"
  resolved "https://registry.npmjs.org/omit.js/-/omit.js-1.0.2.tgz#91a14f0eba84066dfa015bf30e474c47f30bc858"
  integrity sha512-/QPc6G2NS+8d4L/cQhbk6Yit1WTB6Us2g84A7A/1+w9d/eRGHyEqC5kkQtHVoHZ5NFWGG7tUGgrhVZwgZanKrQ==
  dependencies:
    babel-runtime "^6.23.0"

path-to-regexp@^3.1.0:
  version "3.2.0"
  resolved "https://registry.npmjs.org/path-to-regexp/-/path-to-regexp-3.2.0.tgz#fa7877ecbc495c601907562222453c43cc204a5f"
  integrity sha512-jczvQbCUS7XmS7o+y1aEO9OBVFeZBQ1MDSEqmO7xSoPgOPoowY/SxLpZ6Vh97/8qHZOteiCKb7gkG9gA2ZUxJA==

performance-now@^2.1.0:
  version "2.1.0"
  resolved "https://registry.npmjs.org/performance-now/-/performance-now-2.1.0.tgz#6309f4e0e5fa913ec1c69307ae364b4b377c9e7b"
  integrity sha1-Ywn04OX6kT7BxpMHrjZLSzd8nns=

prop-types@^15.6.2:
  version "15.7.2"
  resolved "https://registry.npmjs.org/prop-types/-/prop-types-15.7.2.tgz#52c41e75b8c87e72b9d9360e0206b99dcbffa6c5"
  integrity sha512-8QQikdH7//R2vurIJSutZ1smHYTcLpRWEOlHnzcWHmBYrOGUysKwSsrC89BCiFj3CbrfJ/nXFdJepOVrY1GCHQ==
  dependencies:
    loose-envify "^1.4.0"
    object-assign "^4.1.1"
    react-is "^16.8.1"

querystringify@^2.1.1:
  version "2.2.0"
  resolved "https://registry.npmjs.org/querystringify/-/querystringify-2.2.0.tgz#3345941b4153cb9d082d8eee4cda2016a9aef7f6"
  integrity sha512-FIqgj2EUvTa7R50u0rGsyTftzjYmv/a3hO345bZNrqabNqjtgiDMgmo4mkUjd+nzU5oF3dClKqFIPUKybUyqoQ==

raf@^3.4.1:
  version "3.4.1"
  resolved "https://registry.npmjs.org/raf/-/raf-3.4.1.tgz#0742e99a4a6552f445d73e3ee0328af0ff1ede39"
  integrity sha512-Sq4CW4QhwOHE8ucn6J34MqtZCeWFP2aQSmrlroYgqAV1PjStIhJXxYuTgUIfkEk7zTLjmIjLmU5q+fbD1NnOJA==
  dependencies:
    performance-now "^2.1.0"

react-is@^16.8.1:
  version "16.13.1"
  resolved "https://registry.npmjs.org/react-is/-/react-is-16.13.1.tgz#789729a4dc36de2999dc156dd6c1d9c18cea56a4"
  integrity sha512-24e6ynE2H+OKt4kqsOvNd8kBpV65zoxbA4BVsEOB3ARVWQki/DHzaUoC5KuON/BiccDaCCTZBuOcfZs70kR8bQ==

react@^16.10.0:
  version "16.14.0"
  resolved "https://registry.npmjs.org/react/-/react-16.14.0.tgz#94d776ddd0aaa37da3eda8fc5b6b18a4c9a3114d"
  integrity sha512-0X2CImDkJGApiAlcf0ODKIneSwBPhqJawOa5wCtKbu7ZECrmS26NvtSILynQ66cgkT/RJ4LidJOc3bUESwmU8g==
  dependencies:
    loose-envify "^1.1.0"
    object-assign "^4.1.1"
    prop-types "^15.6.2"

regenerator-runtime@^0.11.0:
  version "0.11.1"
  resolved "https://registry.npmjs.org/regenerator-runtime/-/regenerator-runtime-0.11.1.tgz#be05ad7f9bf7d22e056f9726cee5017fbf19e2e9"
  integrity sha512-MguG95oij0fC3QV3URf4V2SDYGJhJnJGqvIIgdECeODCT98wSWDAJ94SSuVpYQUoTcGUIL6L4yNB7j1DFFHSBg==

regenerator-runtime@^0.13.4:
  version "0.13.7"
  resolved "https://registry.npmjs.org/regenerator-runtime/-/regenerator-runtime-0.13.7.tgz#cac2dacc8a1ea675feaabaeb8ae833898ae46f55"
  integrity sha512-a54FxoJDIr27pgf7IgeQGxmqUNYrcV338lf/6gH456HZ/PhX+5BcwHXG9ajESmwe6WRO0tAzRUrRmNONWgkrew==

requires-port@^1.0.0:
  version "1.0.0"
  resolved "https://registry.npmjs.org/requires-port/-/requires-port-1.0.0.tgz#925d2601d39ac485e091cf0da5c6e694dc3dcaff"
  integrity sha1-kl0mAdOaxIXgkc8NpcbmlNw9yv8=

resolve-pathname@^3.0.0:
  version "3.0.0"
  resolved "https://registry.npmjs.org/resolve-pathname/-/resolve-pathname-3.0.0.tgz#99d02224d3cf263689becbb393bc560313025dcd"
  integrity sha512-C7rARubxI8bXFNB/hqcp/4iUeIXJhJZvFPFPiSPRnhU5UPxzMFIl+2E6yY6c4k9giDJAhtV+enfA+G89N6Csng==

ssr-window@^1.0.1:
  version "1.0.1"
  resolved "https://registry.npmjs.org/ssr-window/-/ssr-window-1.0.1.tgz#30752a6a4666e7767f0b7e6aa6fc2fdbd0d9b369"
  integrity sha512-dgFqB+f00LJTEgb6UXhx0h+SrG50LJvti2yMKMqAgzfUmUXZrLSv2fjULF7AWGwK25EXu8+smLR3jYsJQChPsg==

ssr-window@^2.0.0:
  version "2.0.0"
  resolved "https://registry.npmjs.org/ssr-window/-/ssr-window-2.0.0.tgz#98c301aef99523317f8d69618f0010791096efc4"
  integrity sha512-NXzN+/HPObKAx191H3zKlYomE5WrVIkoCB5IaSdvKokxTpjBdWfr0RaP+1Z5KOfDT0ZVz+2tdtiBkhsEQ9p+0A==

swiper@4.4.2:
  version "4.4.2"
  resolved "https://registry.npmjs.org/swiper/-/swiper-4.4.2.tgz#3a35237cbf4870034784e158b4197b65b763d647"
  integrity sha512-Vfl4Zw4Z7iZwUu5S11JeC7OSy4nwky29nkUulkmg8lIqcWla6UtOhdap0gkyJRYS+UJXki+GWQsbFM0SZRxZPQ==
  dependencies:
    dom7 "^2.1.2"
    ssr-window "^1.0.1"

tiny-invariant@^1.0.2:
  version "1.1.0"
  resolved "https://registry.npmjs.org/tiny-invariant/-/tiny-invariant-1.1.0.tgz#634c5f8efdc27714b7f386c35e6760991d230875"
  integrity sha512-ytxQvrb1cPc9WBEI/HSeYYoGD0kWnGEOR8RY6KomWLBVhqz0RgTwVO9dLrGz7dC+nN9llyI7OKAgRq8Vq4ZBSw==

tiny-warning@^1.0.0:
  version "1.0.3"
  resolved "https://registry.npmjs.org/tiny-warning/-/tiny-warning-1.0.3.tgz#94a30db453df4c643d0fd566060d60a875d84754"
  integrity sha512-lBN9zLN/oAf68o3zNXYrdCt1kP8WsiGW8Oo2ka41b2IM5JL/S1CTyX1rW0mb/zSuJun0ZUrDxx4sqvYS2FWzPA==

typescript@3.8.2:
  version "3.8.2"
  resolved "https://registry.npmjs.org/typescript/-/typescript-3.8.2.tgz#91d6868aaead7da74f493c553aeff76c0c0b1d5a"
  integrity sha512-EgOVgL/4xfVrCMbhYKUQTdF37SQn4Iw73H5BgCrF1Abdun7Kwy/QZsE/ssAy0y4LxBbvua3PIbFsbRczWWnDdQ==

typescript@^3.5.2:
  version "3.9.7"
  resolved "https://registry.npmjs.org/typescript/-/typescript-3.9.7.tgz#98d600a5ebdc38f40cb277522f12dc800e9e25fa"
  integrity sha512-BLbiRkiBzAwsjut4x/dsibSTB6yWpwT5qWmC2OfuCg3GgVQCSgMs4vEctYPhsaGtd0AeuuHMkjZ2h2WG8MSzRw==

universal-router@^8.3.0:
  version "8.3.0"
  resolved "https://registry.npmjs.org/universal-router/-/universal-router-8.3.0.tgz#533bce135d7b1abf591421c5d2028d54407a34a0"
  integrity sha512-cBkihRoHvRQAjdUnDE1GGuuw/TPAIi8z2pEsSmUVAWLeZdgjHzzAb1+0VOO6NvBOvySItOTQikzaGlRxRdJBnA==
  dependencies:
    path-to-regexp "^3.1.0"

url-parse@^1.4.7:
  version "1.4.7"
  resolved "https://registry.npmjs.org/url-parse/-/url-parse-1.4.7.tgz#a8a83535e8c00a316e403a5db4ac1b9b853ae278"
  integrity sha512-d3uaVyzDB9tQoSXFvuSUNFibTd9zxd2bkVrDRvF5TmvWWQwqE4lgYJ5m+x1DbecWkw+LK4RNl2CU1hHuOKPVlg==
  dependencies:
    querystringify "^2.1.1"
    requires-port "^1.0.0"

value-equal@^1.0.1:
  version "1.0.1"
  resolved "https://registry.npmjs.org/value-equal/-/value-equal-1.0.1.tgz#1e0b794c734c5c0cade179c437d356d931a34d6c"
  integrity sha512-NOJ6JZCAWr0zlxZt+xqCHNTEKOsrks2HQd4MqhP1qy4z1SkbEP467eNx6TgDKXMvUOb+OENfJCZwM+16n7fRfw==

weui@^1.1.2:
  version "1.1.3"
  resolved "https://registry.npmjs.org/weui/-/weui-1.1.3.tgz#0f0899bb61bb2ec603b2648367a8139298f81514"
  integrity sha512-vC6eWUvG1MYoE8yLsvBBmLB2+4DZWynQOL47MUscHMwPVltOZPGsiRb2PE7y3z+w3ElF1SsmJsyhr40wiXgP5A==

whatwg-fetch@^3.4.0:
  version "3.5.0"
  resolved "https://registry.npmjs.org/whatwg-fetch/-/whatwg-fetch-3.5.0.tgz#605a2cd0a7146e5db141e29d1c62ab84c0c4c868"
  integrity sha512-jXkLtsR42xhXg7akoDKvKWE40eJeI+2KZqcp2h3NsOrRnDvtWX36KcKl30dy+hxECivdk2BVUHVNrPtoMBUx6A==
